// !$*UTF8*$!
{
	archiveVersion = 1;
	classes = {
	};
	objectVersion = 50;
	objects = {

/* Begin PBXBuildFile section */
		443911C624E2F7600036A808 /* AppDelegate.swift in Sources */ = {isa = PBXBuildFile; fileRef = 443911C524E2F7600036A808 /* AppDelegate.swift */; };
		443911C824E2F7600036A808 /* SceneDelegate.swift in Sources */ = {isa = PBXBuildFile; fileRef = 443911C724E2F7600036A808 /* SceneDelegate.swift */; };
		443911CA24E2F7600036A808 /* ContentView.swift in Sources */ = {isa = PBXBuildFile; fileRef = 443911C924E2F7600036A808 /* ContentView.swift */; };
		443911CC24E2F7610036A808 /* Assets.xcassets in Resources */ = {isa = PBXBuildFile; fileRef = 443911CB24E2F7610036A808 /* Assets.xcassets */; };
		443911CF24E2F7610036A808 /* Preview Assets.xcassets in Resources */ = {isa = PBXBuildFile; fileRef = 443911CE24E2F7610036A808 /* Preview Assets.xcassets */; };
		443911D224E2F7610036A808 /* LaunchScreen.storyboard in Resources */ = {isa = PBXBuildFile; fileRef = 443911D024E2F7610036A808 /* LaunchScreen.storyboard */; };
		443911DD24E2F7610036A808 /* QuickFinderTests.swift in Sources */ = {isa = PBXBuildFile; fileRef = 443911DC24E2F7610036A808 /* QuickFinderTests.swift */; };
		443911E824E2F7610036A808 /* QuickFinderUITests.swift in Sources */ = {isa = PBXBuildFile; fileRef = 443911E724E2F7610036A808 /* QuickFinderUITests.swift */; };
/* End PBXBuildFile section */

/* Begin PBXContainerItemProxy section */
		443911D924E2F7610036A808 /* PBXContainerItemProxy */ = {
			isa = PBXContainerItemProxy;
			containerPortal = 443911BA24E2F7600036A808 /* Project object */;
			proxyType = 1;
			remoteGlobalIDString = 443911C124E2F7600036A808;
			remoteInfo = QuickFinder;
		};
		443911E424E2F7610036A808 /* PBXContainerItemProxy */ = {
			isa = PBXContainerItemProxy;
			containerPortal = 443911BA24E2F7600036A808 /* Project object */;
			proxyType = 1;
			remoteGlobalIDString = 443911C124E2F7600036A808;
			remoteInfo = QuickFinder;
		};
/* End PBXContainerItemProxy section */

/* Begin PBXFileReference section */
		443911C224E2F7600036A808 /* QuickFinder.app */ = {isa = PBXFileReference; explicitFileType = wrapper.application; includeInIndex = 0; path = QuickFinder.app; sourceTree = BUILT_PRODUCTS_DIR; };
		443911C524E2F7600036A808 /* AppDelegate.swift */ = {isa = PBXFileReference; lastKnownFileType = sourcecode.swift; path = AppDelegate.swift; sourceTree = "<group>"; };
		443911C724E2F7600036A808 /* SceneDelegate.swift */ = {isa = PBXFileReference; lastKnownFileType = sourcecode.swift; path = SceneDelegate.swift; sourceTree = "<group>"; };
		443911C924E2F7600036A808 /* ContentView.swift */ = {isa = PBXFileReference; lastKnownFileType = sourcecode.swift; path = ContentView.swift; sourceTree = "<group>"; };
		443911CB24E2F7610036A808 /* Assets.xcassets */ = {isa = PBXFileReference; lastKnownFileType = folder.assetcatalog; path = Assets.xcassets; sourceTree = "<group>"; };
		443911CE24E2F7610036A808 /* Preview Assets.xcassets */ = {isa = PBXFileReference; lastKnownFileType = folder.assetcatalog; path = "Preview Assets.xcassets"; sourceTree = "<group>"; };
		443911D124E2F7610036A808 /* Base */ = {isa = PBXFileReference; lastKnownFileType = file.storyboard; name = Base; path = Base.lproj/LaunchScreen.storyboard; sourceTree = "<group>"; };
		443911D324E2F7610036A808 /* Info.plist */ = {isa = PBXFileReference; lastKnownFileType = text.plist.xml; path = Info.plist; sourceTree = "<group>"; };
		443911D824E2F7610036A808 /* QuickFinderTests.xctest */ = {isa = PBXFileReference; explicitFileType = wrapper.cfbundle; includeInIndex = 0; path = QuickFinderTests.xctest; sourceTree = BUILT_PRODUCTS_DIR; };
		443911DC24E2F7610036A808 /* QuickFinderTests.swift */ = {isa = PBXFileReference; lastKnownFileType = sourcecode.swift; path = QuickFinderTests.swift; sourceTree = "<group>"; };
		443911DE24E2F7610036A808 /* Info.plist */ = {isa = PBXFileReference; lastKnownFileType = text.plist.xml; path = Info.plist; sourceTree = "<group>"; };
		443911E324E2F7610036A808 /* QuickFinderUITests.xctest */ = {isa = PBXFileReference; explicitFileType = wrapper.cfbundle; includeInIndex = 0; path = QuickFinderUITests.xctest; sourceTree = BUILT_PRODUCTS_DIR; };
		443911E724E2F7610036A808 /* QuickFinderUITests.swift */ = {isa = PBXFileReference; lastKnownFileType = sourcecode.swift; path = QuickFinderUITests.swift; sourceTree = "<group>"; };
		443911E924E2F7610036A808 /* Info.plist */ = {isa = PBXFileReference; lastKnownFileType = text.plist.xml; path = Info.plist; sourceTree = "<group>"; };
/* End PBXFileReference section */

/* Begin PBXFrameworksBuildPhase section */
		443911BF24E2F7600036A808 /* Frameworks */ = {
			isa = PBXFrameworksBuildPhase;
			buildActionMask = 2147483647;
			files = (
			);
			runOnlyForDeploymentPostprocessing = 0;
		};
		443911D524E2F7610036A808 /* Frameworks */ = {
			isa = PBXFrameworksBuildPhase;
			buildActionMask = 2147483647;
			files = (
			);
			runOnlyForDeploymentPostprocessing = 0;
		};
		443911E024E2F7610036A808 /* Frameworks */ = {
			isa = PBXFrameworksBuildPhase;
			buildActionMask = 2147483647;
			files = (
			);
			runOnlyForDeploymentPostprocessing = 0;
		};
/* End PBXFrameworksBuildPhase section */

/* Begin PBXGroup section */
		443911B924E2F7600036A808 = {
			isa = PBXGroup;
			children = (
				443911C424E2F7600036A808 /* QuickFinder */,
				443911DB24E2F7610036A808 /* QuickFinderTests */,
				443911E624E2F7610036A808 /* QuickFinderUITests */,
				443911C324E2F7600036A808 /* Products */,
			);
			sourceTree = "<group>";
		};
		443911C324E2F7600036A808 /* Products */ = {
			isa = PBXGroup;
			children = (
				443911C224E2F7600036A808 /* QuickFinder.app */,
				443911D824E2F7610036A808 /* QuickFinderTests.xctest */,
				443911E324E2F7610036A808 /* QuickFinderUITests.xctest */,
			);
			name = Products;
			sourceTree = "<group>";
		};
		443911C424E2F7600036A808 /* QuickFinder */ = {
			isa = PBXGroup;
			children = (
				443911C524E2F7600036A808 /* AppDelegate.swift */,
				443911C724E2F7600036A808 /* SceneDelegate.swift */,
				443911C924E2F7600036A808 /* ContentView.swift */,
				443911CB24E2F7610036A808 /* Assets.xcassets */,
				443911D024E2F7610036A808 /* LaunchScreen.storyboard */,
				443911D324E2F7610036A808 /* Info.plist */,
				443911CD24E2F7610036A808 /* Preview Content */,
			);
			path = QuickFinder;
			sourceTree = "<group>";
		};
		443911CD24E2F7610036A808 /* Preview Content */ = {
			isa = PBXGroup;
			children = (
				443911CE24E2F7610036A808 /* Preview Assets.xcassets */,
			);
			path = "Preview Content";
			sourceTree = "<group>";
		};
		443911DB24E2F7610036A808 /* QuickFinderTests */ = {
			isa = PBXGroup;
			children = (
				443911DC24E2F7610036A808 /* QuickFinderTests.swift */,
				443911DE24E2F7610036A808 /* Info.plist */,
			);
			path = QuickFinderTests;
			sourceTree = "<group>";
		};
		443911E624E2F7610036A808 /* QuickFinderUITests */ = {
			isa = PBXGroup;
			children = (
				443911E724E2F7610036A808 /* QuickFinderUITests.swift */,
				443911E924E2F7610036A808 /* Info.plist */,
			);
			path = QuickFinderUITests;
			sourceTree = "<group>";
		};
/* End PBXGroup section */

/* Begin PBXNativeTarget section */
		443911C124E2F7600036A808 /* QuickFinder */ = {
			isa = PBXNativeTarget;
			buildConfigurationList = 443911EC24E2F7610036A808 /* Build configuration list for PBXNativeTarget "QuickFinder" */;
			buildPhases = (
				443911BE24E2F7600036A808 /* Sources */,
				443911BF24E2F7600036A808 /* Frameworks */,
				443911C024E2F7600036A808 /* Resources */,
			);
			buildRules = (
			);
			dependencies = (
			);
			name = QuickFinder;
			productName = QuickFinder;
			productReference = 443911C224E2F7600036A808 /* QuickFinder.app */;
			productType = "com.apple.product-type.application";
		};
		443911D724E2F7610036A808 /* QuickFinderTests */ = {
			isa = PBXNativeTarget;
			buildConfigurationList = 443911EF24E2F7610036A808 /* Build configuration list for PBXNativeTarget "QuickFinderTests" */;
			buildPhases = (
				443911D424E2F7610036A808 /* Sources */,
				443911D524E2F7610036A808 /* Frameworks */,
				443911D624E2F7610036A808 /* Resources */,
			);
			buildRules = (
			);
			dependencies = (
				443911DA24E2F7610036A808 /* PBXTargetDependency */,
			);
			name = QuickFinderTests;
			productName = QuickFinderTests;
			productReference = 443911D824E2F7610036A808 /* QuickFinderTests.xctest */;
			productType = "com.apple.product-type.bundle.unit-test";
		};
		443911E224E2F7610036A808 /* QuickFinderUITests */ = {
			isa = PBXNativeTarget;
			buildConfigurationList = 443911F224E2F7610036A808 /* Build configuration list for PBXNativeTarget "QuickFinderUITests" */;
			buildPhases = (
				443911DF24E2F7610036A808 /* Sources */,
				443911E024E2F7610036A808 /* Frameworks */,
				443911E124E2F7610036A808 /* Resources */,
			);
			buildRules = (
			);
			dependencies = (
				443911E524E2F7610036A808 /* PBXTargetDependency */,
			);
			name = QuickFinderUITests;
			productName = QuickFinderUITests;
			productReference = 443911E324E2F7610036A808 /* QuickFinderUITests.xctest */;
			productType = "com.apple.product-type.bundle.ui-testing";
		};
/* End PBXNativeTarget section */

/* Begin PBXProject section */
		443911BA24E2F7600036A808 /* Project object */ = {
			isa = PBXProject;
			attributes = {
				LastSwiftUpdateCheck = 1120;
				LastUpgradeCheck = 1120;
				ORGANIZATIONNAME = "Vishnu Penubarthi";
				TargetAttributes = {
					443911C124E2F7600036A808 = {
						CreatedOnToolsVersion = 11.2.1;
					};
					443911D724E2F7610036A808 = {
						CreatedOnToolsVersion = 11.2.1;
						TestTargetID = 443911C124E2F7600036A808;
					};
					443911E224E2F7610036A808 = {
						CreatedOnToolsVersion = 11.2.1;
						TestTargetID = 443911C124E2F7600036A808;
					};
				};
			};
			buildConfigurationList = 443911BD24E2F7600036A808 /* Build configuration list for PBXProject "QuickFinder" */;
			compatibilityVersion = "Xcode 9.3";
			developmentRegion = en;
			hasScannedForEncodings = 0;
			knownRegions = (
				en,
				Base,
			);
			mainGroup = 443911B924E2F7600036A808;
			productRefGroup = 443911C324E2F7600036A808 /* Products */;
			projectDirPath = "";
			projectRoot = "";
			targets = (
				443911C124E2F7600036A808 /* QuickFinder */,
				443911D724E2F7610036A808 /* QuickFinderTests */,
				443911E224E2F7610036A808 /* QuickFinderUITests */,
			);
		};
/* End PBXProject section */

/* Begin PBXResourcesBuildPhase section */
		443911C024E2F7600036A808 /* Resources */ = {
			isa = PBXResourcesBuildPhase;
			buildActionMask = 2147483647;
			files = (
				443911D224E2F7610036A808 /* LaunchScreen.storyboard in Resources */,
				443911CF24E2F7610036A808 /* Preview Assets.xcassets in Resources */,
				443911CC24E2F7610036A808 /* Assets.xcassets in Resources */,
			);
			runOnlyForDeploymentPostprocessing = 0;
		};
		443911D624E2F7610036A808 /* Resources */ = {
			isa = PBXResourcesBuildPhase;
			buildActionMask = 2147483647;
			files = (
			);
			runOnlyForDeploymentPostprocessing = 0;
		};
		443911E124E2F7610036A808 /* Resources */ = {
			isa = PBXResourcesBuildPhase;
			buildActionMask = 2147483647;
			files = (
			);
			runOnlyForDeploymentPostprocessing = 0;
		};
/* End PBXResourcesBuildPhase section */

/* Begin PBXSourcesBuildPhase section */
		443911BE24E2F7600036A808 /* Sources */ = {
			isa = PBXSourcesBuildPhase;
			buildActionMask = 2147483647;
			files = (
				443911C624E2F7600036A808 /* AppDelegate.swift in Sources */,
				443911C824E2F7600036A808 /* SceneDelegate.swift in Sources */,
				443911CA24E2F7600036A808 /* ContentView.swift in Sources */,
			);
			runOnlyForDeploymentPostprocessing = 0;
		};
		443911D424E2F7610036A808 /* Sources */ = {
			isa = PBXSourcesBuildPhase;
			buildActionMask = 2147483647;
			files = (
				443911DD24E2F7610036A808 /* QuickFinderTests.swift in Sources */,
			);
			runOnlyForDeploymentPostprocessing = 0;
		};
		443911DF24E2F7610036A808 /* Sources */ = {
			isa = PBXSourcesBuildPhase;
			buildActionMask = 2147483647;
			files = (
				443911E824E2F7610036A808 /* QuickFinderUITests.swift in Sources */,
			);
			runOnlyForDeploymentPostprocessing = 0;
		};
/* End PBXSourcesBuildPhase section */

/* Begin PBXTargetDependency section */
		443911DA24E2F7610036A808 /* PBXTargetDependency */ = {
			isa = PBXTargetDependency;
			target = 443911C124E2F7600036A808 /* QuickFinder */;
			targetProxy = 443911D924E2F7610036A808 /* PBXContainerItemProxy */;
		};
		443911E524E2F7610036A808 /* PBXTargetDependency */ = {
			isa = PBXTargetDependency;
			target = 443911C124E2F7600036A808 /* QuickFinder */;
			targetProxy = 443911E424E2F7610036A808 /* PBXContainerItemProxy */;
		};
/* End PBXTargetDependency section */

/* Begin PBXVariantGroup section */
		443911D024E2F7610036A808 /* LaunchScreen.storyboard */ = {
			isa = PBXVariantGroup;
			children = (
				443911D124E2F7610036A808 /* Base */,
			);
			name = LaunchScreen.storyboard;
			sourceTree = "<group>";
		};
/* End PBXVariantGroup section */

/* Begin XCBuildConfiguration section */
		443911EA24E2F7610036A808 /* Debug */ = {
			isa = XCBuildConfiguration;
			buildSettings = {
				ALWAYS_SEARCH_USER_PATHS = NO;
				CLANG_ANALYZER_NONNULL = YES;
				CLANG_ANALYZER_NUMBER_OBJECT_CONVERSION = YES_AGGRESSIVE;
				CLANG_CXX_LANGUAGE_STANDARD = "gnu++14";
				CLANG_CXX_LIBRARY = "libc++";
				CLANG_ENABLE_MODULES = YES;
				CLANG_ENABLE_OBJC_ARC = YES;
				CLANG_ENABLE_OBJC_WEAK = YES;
				CLANG_WARN_BLOCK_CAPTURE_AUTORELEASING = YES;
				CLANG_WARN_BOOL_CONVERSION = YES;
				CLANG_WARN_COMMA = YES;
				CLANG_WARN_CONSTANT_CONVERSION = YES;
				CLANG_WARN_DEPRECATED_OBJC_IMPLEMENTATIONS = YES;
				CLANG_WARN_DIRECT_OBJC_ISA_USAGE = YES_ERROR;
				CLANG_WARN_DOCUMENTATION_COMMENTS = YES;
				CLANG_WARN_EMPTY_BODY = YES;
				CLANG_WARN_ENUM_CONVERSION = YES;
				CLANG_WARN_INFINITE_RECURSION = YES;
				CLANG_WARN_INT_CONVERSION = YES;
				CLANG_WARN_NON_LITERAL_NULL_CONVERSION = YES;
				CLANG_WARN_OBJC_IMPLICIT_RETAIN_SELF = YES;
				CLANG_WARN_OBJC_LITERAL_CONVERSION = YES;
				CLANG_WARN_OBJC_ROOT_CLASS = YES_ERROR;
				CLANG_WARN_RANGE_LOOP_ANALYSIS = YES;
				CLANG_WARN_STRICT_PROTOTYPES = YES;
				CLANG_WARN_SUSPICIOUS_MOVE = YES;
				CLANG_WARN_UNGUARDED_AVAILABILITY = YES_AGGRESSIVE;
				CLANG_WARN_UNREACHABLE_CODE = YES;
				CLANG_WARN__DUPLICATE_METHOD_MATCH = YES;
				COPY_PHASE_STRIP = NO;
				DEBUG_INFORMATION_FORMAT = dwarf;
				ENABLE_STRICT_OBJC_MSGSEND = YES;
				ENABLE_TESTABILITY = YES;
				GCC_C_LANGUAGE_STANDARD = gnu11;
				GCC_DYNAMIC_NO_PIC = NO;
				GCC_NO_COMMON_BLOCKS = YES;
				GCC_OPTIMIZATION_LEVEL = 0;
				GCC_PREPROCESSOR_DEFINITIONS = (
					"DEBUG=1",
					"$(inherited)",
				);
				GCC_WARN_64_TO_32_BIT_CONVERSION = YES;
				GCC_WARN_ABOUT_RETURN_TYPE = YES_ERROR;
				GCC_WARN_UNDECLARED_SELECTOR = YES;
				GCC_WARN_UNINITIALIZED_AUTOS = YES_AGGRESSIVE;
				GCC_WARN_UNUSED_FUNCTION = YES;
				GCC_WARN_UNUSED_VARIABLE = YES;
				IPHONEOS_DEPLOYMENT_TARGET = 13.2;
				MTL_ENABLE_DEBUG_INFO = INCLUDE_SOURCE;
				MTL_FAST_MATH = YES;
				ONLY_ACTIVE_ARCH = YES;
				SDKROOT = iphoneos;
				SWIFT_ACTIVE_COMPILATION_CONDITIONS = DEBUG;
				SWIFT_OPTIMIZATION_LEVEL = "-Onone";
			};
			name = Debug;
		};
		443911EB24E2F7610036A808 /* Release */ = {
			isa = XCBuildConfiguration;
			buildSettings = {
				ALWAYS_SEARCH_USER_PATHS = NO;
				CLANG_ANALYZER_NONNULL = YES;
				CLANG_ANALYZER_NUMBER_OBJECT_CONVERSION = YES_AGGRESSIVE;
				CLANG_CXX_LANGUAGE_STANDARD = "gnu++14";
				CLANG_CXX_LIBRARY = "libc++";
				CLANG_ENABLE_MODULES = YES;
				CLANG_ENABLE_OBJC_ARC = YES;
				CLANG_ENABLE_OBJC_WEAK = YES;
				CLANG_WARN_BLOCK_CAPTURE_AUTORELEASING = YES;
				CLANG_WARN_BOOL_CONVERSION = YES;
				CLANG_WARN_COMMA = YES;
				CLANG_WARN_CONSTANT_CONVERSION = YES;
				CLANG_WARN_DEPRECATED_OBJC_IMPLEMENTATIONS = YES;
				CLANG_WARN_DIRECT_OBJC_ISA_USAGE = YES_ERROR;
				CLANG_WARN_DOCUMENTATION_COMMENTS = YES;
				CLANG_WARN_EMPTY_BODY = YES;
				CLANG_WARN_ENUM_CONVERSION = YES;
				CLANG_WARN_INFINITE_RECURSION = YES;
				CLANG_WARN_INT_CONVERSION = YES;
				CLANG_WARN_NON_LITERAL_NULL_CONVERSION = YES;
				CLANG_WARN_OBJC_IMPLICIT_RETAIN_SELF = YES;
				CLANG_WARN_OBJC_LITERAL_CONVERSION = YES;
				CLANG_WARN_OBJC_ROOT_CLASS = YES_ERROR;
				CLANG_WARN_RANGE_LOOP_ANALYSIS = YES;
				CLANG_WARN_STRICT_PROTOTYPES = YES;
				CLANG_WARN_SUSPICIOUS_MOVE = YES;
				CLANG_WARN_UNGUARDED_AVAILABILITY = YES_AGGRESSIVE;
				CLANG_WARN_UNREACHABLE_CODE = YES;
				CLANG_WARN__DUPLICATE_METHOD_MATCH = YES;
				COPY_PHASE_STRIP = NO;
				DEBUG_INFORMATION_FORMAT = "dwarf-with-dsym";
				ENABLE_NS_ASSERTIONS = NO;
				ENABLE_STRICT_OBJC_MSGSEND = YES;
				GCC_C_LANGUAGE_STANDARD = gnu11;
				GCC_NO_COMMON_BLOCKS = YES;
				GCC_WARN_64_TO_32_BIT_CONVERSION = YES;
				GCC_WARN_ABOUT_RETURN_TYPE = YES_ERROR;
				GCC_WARN_UNDECLARED_SELECTOR = YES;
				GCC_WARN_UNINITIALIZED_AUTOS = YES_AGGRESSIVE;
				GCC_WARN_UNUSED_FUNCTION = YES;
				GCC_WARN_UNUSED_VARIABLE = YES;
				IPHONEOS_DEPLOYMENT_TARGET = 13.2;
				MTL_ENABLE_DEBUG_INFO = NO;
				MTL_FAST_MATH = YES;
				SDKROOT = iphoneos;
				SWIFT_COMPILATION_MODE = wholemodule;
				SWIFT_OPTIMIZATION_LEVEL = "-O";
				VALIDATE_PRODUCT = YES;
			};
			name = Release;
		};
		443911ED24E2F7610036A808 /* Debug */ = {
			isa = XCBuildConfiguration;
			buildSettings = {
				ASSETCATALOG_COMPILER_APPICON_NAME = AppIcon;
				CODE_SIGN_STYLE = Automatic;
				DEVELOPMENT_ASSET_PATHS = "\"QuickFinder/Preview Content\"";
				ENABLE_PREVIEWS = YES;
				INFOPLIST_FILE = QuickFinder/Info.plist;
				LD_RUNPATH_SEARCH_PATHS = (
					"$(inherited)",
					"@executable_path/Frameworks",
				);
				PRODUCT_BUNDLE_IDENTIFIER = vspenubarthi.QuickFinder;
				PRODUCT_NAME = "$(TARGET_NAME)";
				SWIFT_VERSION = 5.0;
				TARGETED_DEVICE_FAMILY = "1,2";
			};
			name = Debug;
		};
		443911EE24E2F7610036A808 /* Release */ = {
			isa = XCBuildConfiguration;
			buildSettings = {
				ASSETCATALOG_COMPILER_APPICON_NAME = AppIcon;
				CODE_SIGN_STYLE = Automatic;
				DEVELOPMENT_ASSET_PATHS = "\"QuickFinder/Preview Content\"";
				ENABLE_PREVIEWS = YES;
				INFOPLIST_FILE = QuickFinder/Info.plist;
				LD_RUNPATH_SEARCH_PATHS = (
					"$(inherited)",
					"@executable_path/Frameworks",
				);
				PRODUCT_BUNDLE_IDENTIFIER = vspenubarthi.QuickFinder;
				PRODUCT_NAME = "$(TARGET_NAME)";
				SWIFT_VERSION = 5.0;
				TARGETED_DEVICE_FAMILY = "1,2";
			};
			name = Release;
		};
		443911F024E2F7610036A808 /* Debug */ = {
			isa = XCBuildConfiguration;
			buildSettings = {
				ALWAYS_EMBED_SWIFT_STANDARD_LIBRARIES = YES;
				BUNDLE_LOADER = "$(TEST_HOST)";
				CODE_SIGN_STYLE = Automatic;
				INFOPLIST_FILE = QuickFinderTests/Info.plist;
				IPHONEOS_DEPLOYMENT_TARGET = 13.2;
				LD_RUNPATH_SEARCH_PATHS = (
					"$(inherited)",
					"@executable_path/Frameworks",
					"@loader_path/Frameworks",
				);
				PRODUCT_BUNDLE_IDENTIFIER = vspenubarthi.QuickFinderTests;
				PRODUCT_NAME = "$(TARGET_NAME)";
				SWIFT_VERSION = 5.0;
				TARGETED_DEVICE_FAMILY = "1,2";
				TEST_HOST = "$(BUILT_PRODUCTS_DIR)/QuickFinder.app/QuickFinder";
			};
			name = Debug;
		};
		443911F124E2F7610036A808 /* Release */ = {
			isa = XCBuildConfiguration;
			buildSettings = {
				ALWAYS_EMBED_SWIFT_STANDARD_LIBRARIES = YES;
				BUNDLE_LOADER = "$(TEST_HOST)";
				CODE_SIGN_STYLE = Automatic;
				INFOPLIST_FILE = QuickFinderTests/Info.plist;
				IPHONEOS_DEPLOYMENT_TARGET = 13.2;
				LD_RUNPATH_SEARCH_PATHS = (
					"$(inherited)",
					"@executable_path/Frameworks",
					"@loader_path/Frameworks",
				);
				PRODUCT_BUNDLE_IDENTIFIER = vspenubarthi.QuickFinderTests;
				PRODUCT_NAME = "$(TARGET_NAME)";
				SWIFT_VERSION = 5.0;
				TARGETED_DEVICE_FAMILY = "1,2";
				TEST_HOST = "$(BUILT_PRODUCTS_DIR)/QuickFinder.app/QuickFinder";
			};
			name = Release;
		};
		443911F324E2F7610036A808 /* Debug */ = {
			isa = XCBuildConfiguration;
			buildSettings = {
				ALWAYS_EMBED_SWIFT_STANDARD_LIBRARIES = YES;
				CODE_SIGN_STYLE = Automatic;
				INFOPLIST_FILE = QuickFinderUITests/Info.plist;
				LD_RUNPATH_SEARCH_PATHS = (
					"$(inherited)",
					"@executable_path/Frameworks",
					"@loader_path/Frameworks",
				);
				PRODUCT_BUNDLE_IDENTIFIER = vspenubarthi.QuickFinderUITests;
				PRODUCT_NAME = "$(TARGET_NAME)";
				SWIFT_VERSION = 5.0;
				TARGETED_DEVICE_FAMILY = "1,2";
				TEST_TARGET_NAME = QuickFinder;
			};
			name = Debug;
		};
		443911F424E2F7610036A808 /* Release */ = {
			isa = XCBuildConfiguration;
			buildSettings = {
				ALWAYS_EMBED_SWIFT_STANDARD_LIBRARIES = YES;
				CODE_SIGN_STYLE = Automatic;
				INFOPLIST_FILE = QuickFinderUITests/Info.plist;
				LD_RUNPATH_SEARCH_PATHS = (
					"$(inherited)",
					"@executable_path/Frameworks",
					"@loader_path/Frameworks",
				);
				PRODUCT_BUNDLE_IDENTIFIER = vspenubarthi.QuickFinderUITests;
				PRODUCT_NAME = "$(TARGET_NAME)";
				SWIFT_VERSION = 5.0;
				TARGETED_DEVICE_FAMILY = "1,2";
				TEST_TARGET_NAME = QuickFinder;
			};
			name = Release;
		};
/* End XCBuildConfiguration section */

/* Begin XCConfigurationList section */
		443911BD24E2F7600036A808 /* Build configuration list for PBXProject "QuickFinder" */ = {
			isa = XCConfigurationList;
			buildConfigurations = (
				443911EA24E2F7610036A808 /* Debug */,
				443911EB24E2F7610036A808 /* Release */,
			);
			defaultConfigurationIsVisible = 0;
			defaultConfigurationName = Release;
		};
		443911EC24E2F7610036A808 /* Build configuration list for PBXNativeTarget "QuickFinder" */ = {
			isa = XCConfigurationList;
			buildConfigurations = (
				443911ED24E2F7610036A808 /* Debug */,
				443911EE24E2F7610036A808 /* Release */,
			);
			defaultConfigurationIsVisible = 0;
			defaultConfigurationName = Release;
		};
		443911EF24E2F7610036A808 /* Build configuration list for PBXNativeTarget "QuickFinderTests" */ = {
			isa = XCConfigurationList;
			buildConfigurations = (
				443911F024E2F7610036A808 /* Debug */,
				443911F124E2F7610036A808 /* Release */,
			);
			defaultConfigurationIsVisible = 0;
			defaultConfigurationName = Release;
		};
		443911F224E2F7610036A808 /* Build configuration list for PBXNativeTarget "QuickFinderUITests" */ = {
			isa = XCConfigurationList;
			buildConfigurations = (
				443911F324E2F7610036A808 /* Debug */,
				443911F424E2F7610036A808 /* Release */,
			);
			defaultConfigurationIsVisible = 0;
			defaultConfigurationName = Release;
		};
/* End XCConfigurationList section */
	};
	rootObject = 443911BA24E2F7600036A808 /* Project object */;
}
